
Microsoft Visual Studio Solution File, Format Version 12.00
# Visual Studio 15
VisualStudioVersion = 15.0.26124.0
MinimumVisualStudioVersion = 15.0.26124.0
Project("{FAE04EC0-301F-11D3-BF4B-00C04F79EFBC}") = "LevelDB", "LevelDB\LevelDB.csproj", "{AB515637-7782-4B7F-A2E3-A841D781C1A2}"
EndProject
Project("{FAE04EC0-301F-11D3-BF4B-00C04F79EFBC}") = "LevelDB.Tests", "LevelDB.Tests\LevelDB.Tests.csproj", "{42277744-5B80-4D6D-A435-E1C88E168E48}"
EndProject
Project("{FAE04EC0-301F-11D3-BF4B-00C04F79EFBC}") = "Serialization", "Serialization\Serialization.csproj", "{E1C4BA4C-EC1D-426E-A9B8-ED4D48038DCE}"
EndProject
Project("{FAE04EC0-301F-11D3-BF4B-00C04F79EFBC}") = "Serialization.Tests", "Serialization.Tests\Serialization.Tests.csproj", "{F4279EAB-986E-40F1-90D2-B15B27D1D5EC}"
EndProject
Project("{FAE04EC0-301F-11D3-BF4B-00C04F79EFBC}") = "Visitor", "Visitor\Visitor.csproj", "{6B1D8987-DEF8-407C-BE5C-911AB1E5BF5E}"
EndProject
Project("{FAE04EC0-301F-11D3-BF4B-00C04F79EFBC}") = "Visitor.Tests", "Visitor.Tests\Visitor.Tests.csproj", "{A7615C16-AC8C-457C-856A-92948286AD90}"
EndProject
Global
	GlobalSection(SolutionConfigurationPlatforms) = preSolution
		Debug|Any CPU = Debug|Any CPU
		Debug|x64 = Debug|x64
		Debug|x86 = Debug|x86
		Release|Any CPU = Release|Any CPU
		Release|x64 = Release|x64
		Release|x86 = Release|x86
	EndGlobalSection
	GlobalSection(SolutionProperties) = preSolution
		HideSolutionNode = FALSE
	EndGlobalSection
	GlobalSection(ProjectConfigurationPlatforms) = postSolution
		{AB515637-7782-4B7F-A2E3-A841D781C1A2}.Debug|Any CPU.ActiveCfg = Debug|Any CPU
		{AB515637-7782-4B7F-A2E3-A841D781C1A2}.Debug|Any CPU.Build.0 = Debug|Any CPU
		{AB515637-7782-4B7F-A2E3-A841D781C1A2}.Debug|x64.ActiveCfg = Debug|Any CPU
		{AB515637-7782-4B7F-A2E3-A841D781C1A2}.Debug|x64.Build.0 = Debug|Any CPU
		{AB515637-7782-4B7F-A2E3-A841D781C1A2}.Debug|x86.ActiveCfg = Debug|Any CPU
		{AB515637-7782-4B7F-A2E3-A841D781C1A2}.Debug|x86.Build.0 = Debug|Any CPU
		{AB515637-7782-4B7F-A2E3-A841D781C1A2}.Release|Any CPU.ActiveCfg = Release|Any CPU
		{AB515637-7782-4B7F-A2E3-A841D781C1A2}.Release|Any CPU.Build.0 = Release|Any CPU
		{AB515637-7782-4B7F-A2E3-A841D781C1A2}.Release|x64.ActiveCfg = Release|Any CPU
		{AB515637-7782-4B7F-A2E3-A841D781C1A2}.Release|x64.Build.0 = Release|Any CPU
		{AB515637-7782-4B7F-A2E3-A841D781C1A2}.Release|x86.ActiveCfg = Release|Any CPU
		{AB515637-7782-4B7F-A2E3-A841D781C1A2}.Release|x86.Build.0 = Release|Any CPU
		{42277744-5B80-4D6D-A435-E1C88E168E48}.Debug|Any CPU.ActiveCfg = Debug|Any CPU
		{42277744-5B80-4D6D-A435-E1C88E168E48}.Debug|Any CPU.Build.0 = Debug|Any CPU
		{42277744-5B80-4D6D-A435-E1C88E168E48}.Debug|x64.ActiveCfg = Debug|Any CPU
		{42277744-5B80-4D6D-A435-E1C88E168E48}.Debug|x64.Build.0 = Debug|Any CPU
		{42277744-5B80-4D6D-A435-E1C88E168E48}.Debug|x86.ActiveCfg = Debug|Any CPU
		{42277744-5B80-4D6D-A435-E1C88E168E48}.Debug|x86.Build.0 = Debug|Any CPU
		{42277744-5B80-4D6D-A435-E1C88E168E48}.Release|Any CPU.ActiveCfg = Release|Any CPU
		{42277744-5B80-4D6D-A435-E1C88E168E48}.Release|Any CPU.Build.0 = Release|Any CPU
		{42277744-5B80-4D6D-A435-E1C88E168E48}.Release|x64.ActiveCfg = Release|Any CPU
		{42277744-5B80-4D6D-A435-E1C88E168E48}.Release|x64.Build.0 = Release|Any CPU
		{42277744-5B80-4D6D-A435-E1C88E168E48}.Release|x86.ActiveCfg = Release|Any CPU
		{42277744-5B80-4D6D-A435-E1C88E168E48}.Release|x86.Build.0 = Release|Any CPU
		{E1C4BA4C-EC1D-426E-A9B8-ED4D48038DCE}.Debug|Any CPU.ActiveCfg = Debug|Any CPU
		{E1C4BA4C-EC1D-426E-A9B8-ED4D48038DCE}.Debug|Any CPU.Build.0 = Debug|Any CPU
		{E1C4BA4C-EC1D-426E-A9B8-ED4D48038DCE}.Debug|x64.ActiveCfg = Debug|Any CPU
		{E1C4BA4C-EC1D-426E-A9B8-ED4D48038DCE}.Debug|x64.Build.0 = Debug|Any CPU
		{E1C4BA4C-EC1D-426E-A9B8-ED4D48038DCE}.Debug|x86.ActiveCfg = Debug|Any CPU
		{E1C4BA4C-EC1D-426E-A9B8-ED4D48038DCE}.Debug|x86.Build.0 = Debug|Any CPU
		{E1C4BA4C-EC1D-426E-A9B8-ED4D48038DCE}.Release|Any CPU.ActiveCfg = Release|Any CPU
		{E1C4BA4C-EC1D-426E-A9B8-ED4D48038DCE}.Release|Any CPU.Build.0 = Release|Any CPU
		{E1C4BA4C-EC1D-426E-A9B8-ED4D48038DCE}.Release|x64.ActiveCfg = Release|Any CPU
		{E1C4BA4C-EC1D-426E-A9B8-ED4D48038DCE}.Release|x64.Build.0 = Release|Any CPU
		{E1C4BA4C-EC1D-426E-A9B8-ED4D48038DCE}.Release|x86.ActiveCfg = Release|Any CPU
		{E1C4BA4C-EC1D-426E-A9B8-ED4D48038DCE}.Release|x86.Build.0 = Release|Any CPU
		{F4279EAB-986E-40F1-90D2-B15B27D1D5EC}.Debug|Any CPU.ActiveCfg = Debug|Any CPU
		{F4279EAB-986E-40F1-90D2-B15B27D1D5EC}.Debug|Any CPU.Build.0 = Debug|Any CPU
		{F4279EAB-986E-40F1-90D2-B15B27D1D5EC}.Debug|x64.ActiveCfg = Debug|Any CPU
		{F4279EAB-986E-40F1-90D2-B15B27D1D5EC}.Debug|x64.Build.0 = Debug|Any CPU
		{F4279EAB-986E-40F1-90D2-B15B27D1D5EC}.Debug|x86.ActiveCfg = Debug|Any CPU
		{F4279EAB-986E-40F1-90D2-B15B27D1D5EC}.Debug|x86.Build.0 = Debug|Any CPU
		{F4279EAB-986E-40F1-90D2-B15B27D1D5EC}.Release|Any CPU.ActiveCfg = Release|Any CPU
		{F4279EAB-986E-40F1-90D2-B15B27D1D5EC}.Release|Any CPU.Build.0 = Release|Any CPU
		{F4279EAB-986E-40F1-90D2-B15B27D1D5EC}.Release|x64.ActiveCfg = Release|Any CPU
		{F4279EAB-986E-40F1-90D2-B15B27D1D5EC}.Release|x64.Build.0 = Release|Any CPU
		{F4279EAB-986E-40F1-90D2-B15B27D1D5EC}.Release|x86.ActiveCfg = Release|Any CPU
		{F4279EAB-986E-40F1-90D2-B15B27D1D5EC}.Release|x86.Build.0 = Release|Any CPU
		{6B1D8987-DEF8-407C-BE5C-911AB1E5BF5E}.Debug|Any CPU.ActiveCfg = Debug|Any CPU
		{6B1D8987-DEF8-407C-BE5C-911AB1E5BF5E}.Debug|Any CPU.Build.0 = Debug|Any CPU
		{6B1D8987-DEF8-407C-BE5C-911AB1E5BF5E}.Debug|x64.ActiveCfg = Debug|Any CPU
		{6B1D8987-DEF8-407C-BE5C-911AB1E5BF5E}.Debug|x64.Build.0 = Debug|Any CPU
		{6B1D8987-DEF8-407C-BE5C-911AB1E5BF5E}.Debug|x86.ActiveCfg = Debug|Any CPU
		{6B1D8987-DEF8-407C-BE5C-911AB1E5BF5E}.Debug|x86.Build.0 = Debug|Any CPU
		{6B1D8987-DEF8-407C-BE5C-911AB1E5BF5E}.Release|Any CPU.ActiveCfg = Release|Any CPU
		{6B1D8987-DEF8-407C-BE5C-911AB1E5BF5E}.Release|Any CPU.Build.0 = Release|Any CPU
		{6B1D8987-DEF8-407C-BE5C-911AB1E5BF5E}.Release|x64.ActiveCfg = Release|Any CPU
		{6B1D8987-DEF8-407C-BE5C-911AB1E5BF5E}.Release|x64.Build.0 = Release|Any CPU
		{6B1D8987-DEF8-407C-BE5C-911AB1E5BF5E}.Release|x86.ActiveCfg = Release|Any CPU
		{6B1D8987-DEF8-407C-BE5C-911AB1E5BF5E}.Release|x86.Build.0 = Release|Any CPU
		{A7615C16-AC8C-457C-856A-92948286AD90}.Debug|Any CPU.ActiveCfg = Debug|Any CPU
		{A7615C16-AC8C-457C-856A-92948286AD90}.Debug|Any CPU.Build.0 = Debug|Any CPU
		{A7615C16-AC8C-457C-856A-92948286AD90}.Debug|x64.ActiveCfg = Debug|Any CPU
		{A7615C16-AC8C-457C-856A-92948286AD90}.Debug|x64.Build.0 = Debug|Any CPU
		{A7615C16-AC8C-457C-856A-92948286AD90}.Debug|x86.ActiveCfg = Debug|Any CPU
		{A7615C16-AC8C-457C-856A-92948286AD90}.Debug|x86.Build.0 = Debug|Any CPU
		{A7615C16-AC8C-457C-856A-92948286AD90}.Release|Any CPU.ActiveCfg = Release|Any CPU
		{A7615C16-AC8C-457C-856A-92948286AD90}.Release|Any CPU.Build.0 = Release|Any CPU
		{A7615C16-AC8C-457C-856A-92948286AD90}.Release|x64.ActiveCfg = Release|Any CPU
		{A7615C16-AC8C-457C-856A-92948286AD90}.Release|x64.Build.0 = Release|Any CPU
		{A7615C16-AC8C-457C-856A-92948286AD90}.Release|x86.ActiveCfg = Release|Any CPU
		{A7615C16-AC8C-457C-856A-92948286AD90}.Release|x86.Build.0 = Release|Any CPU
	EndGlobalSection
EndGlobal
